
Microsoft Visual Studio Solution File, Format Version 12.00
# Visual Studio Version 17
VisualStudioVersion = 17.14.36518.9
MinimumVisualStudioVersion = 10.0.40219.1
Project("{FAE04EC0-301F-11D3-BF4B-00C04F79EFBC}") = "LocalAccountManager", "LocalAccountManager\LocalAccountManager.csproj", "{09800920-B225-4352-9E38-887BF4107C52}"
EndProject
Global
	GlobalSection(SolutionConfigurationPlatforms) = preSolution
		Debug|Any CPU = Debug|Any CPU
		Release|Any CPU = Release|Any CPU
	EndGlobalSection
	GlobalSection(ProjectConfigurationPlatforms) = postSolution
		{09800920-B225-4352-9E38-887BF4107C52}.Debug|Any CPU.ActiveCfg = Debug|Any CPU
		{09800920-B225-4352-9E38-887BF4107C52}.Debug|Any CPU.Build.0 = Debug|Any CPU
		{09800920-B225-4352-9E38-887BF4107C52}.Release|Any CPU.ActiveCfg = Release|Any CPU
		{09800920-B225-4352-9E38-887BF4107C52}.Release|Any CPU.Build.0 = Release|Any CPU
	EndGlobalSection
	GlobalSection(SolutionProperties) = preSolution
		HideSolutionNode = FALSE
	EndGlobalSection
	GlobalSection(ExtensibilityGlobals) = postSolution
		SolutionGuid = {D246ABD8-9047-4F78-9F89-9D13F5536F8E}
	EndGlobalSection
EndGlobal
